# This file is automatically @generated by Cargo.
# It is not intended for manual editing.
version = 3

[[package]]
name = "adapter"
version = "0.1.0"

[[package]]
name = "allergens"
version = "0.1.0"

[[package]]
name = "autocfg"
version = "1.1.0"
source = "registry+https://github.com/rust-lang/crates.io-index"
checksum = "d468802bab17cbc0cc575e9b053f41e72aa36bfa6b7f55e3529ffa43161b97fa"

[[package]]
name = "beacon_scanner"
version = "0.1.0"

[[package]]
name = "bingo"
version = "0.1.0"

[[package]]
name = "bitflags"
version = "1.3.2"
source = "registry+https://github.com/rust-lang/crates.io-index"
checksum = "bef38d45163c2f1dde094a7dfd33ccf595c92905c8f8f4fdc18d06fb1037718a"

[[package]]
name = "boarding_passes"
version = "0.1.0"

[[package]]
name = "bridge_repair"
version = "0.1.0"

[[package]]
name = "calibration"
version = "0.1.0"

[[package]]
name = "care_package"
version = "0.1.0"
dependencies = [
 "termion",
]

[[package]]
name = "ceres_search"
version = "0.1.0"

[[package]]
name = "chiton"
version = "0.1.0"

[[package]]
name = "chronospatial_computer"
version = "0.1.0"

[[package]]
name = "claw_contraption"
version = "0.1.0"

[[package]]
name = "combat"
version = "0.1.0"

[[package]]
name = "combo"
version = "0.1.0"

[[package]]
name = "conway"
version = "0.1.0"

[[package]]
name = "count_increases"
version = "0.1.0"

[[package]]
name = "crabs"
version = "0.1.0"

[[package]]
name = "cube_conundrum"
version = "0.1.0"

[[package]]
name = "cups"
version = "0.1.0"

[[package]]
name = "diagnostics"
version = "0.1.0"

[[package]]
name = "dirac_dice"
version = "0.1.0"

[[package]]
name = "disk_fragmenter"
version = "0.1.0"

[[package]]
name = "docking"
version = "0.1.0"

[[package]]
name = "dumbo_octopuses"
version = "0.1.0"

[[package]]
name = "encoding"
version = "0.1.0"

[[package]]
name = "expense_report"
version = "0.1.0"

[[package]]
name = "extended-polymerization"
version = "0.1.0"

[[package]]
name = "garden_groups"
version = "0.1.0"

[[package]]
name = "gear_ratios"
version = "0.1.0"

[[package]]
name = "guard_gallivant"
version = "0.1.0"

[[package]]
name = "handheld"
version = "0.1.0"

[[package]]
name = "hoof_it"
version = "0.1.0"

[[package]]
name = "hydrothermal-venture"
version = "0.1.0"

[[package]]
name = "intcode"
version = "0.1.0"

[[package]]
name = "jigsaw"
version = "0.1.0"

[[package]]
name = "lanternfish"
version = "0.1.0"

[[package]]
name = "libc"
version = "0.2.153"
source = "registry+https://github.com/rust-lang/crates.io-index"
checksum = "9c198f91728a82281a64e1f4f9eeb25d82cb32a5de251c6bd1b5154d63a8e7bd"

[[package]]
name = "lists"
version = "0.1.0"

[[package]]
name = "lobby"
version = "0.1.0"

[[package]]
name = "luggage"
version = "0.1.0"

[[package]]
name = "memory"
version = "0.1.0"

[[package]]
name = "messages"
version = "0.1.0"

[[package]]
name = "mull_it_over"
version = "0.1.0"

[[package]]
name = "n_body_problem"
version = "0.1.0"
dependencies = [
 "num-integer",
]

[[package]]
name = "navigation"
version = "0.1.0"

[[package]]
name = "num-integer"
version = "0.1.46"
source = "registry+https://github.com/rust-lang/crates.io-index"
checksum = "7969661fd2958a5cb096e56c8e1ad0444ac2bbcd0061bd28660485a44879858f"
dependencies = [
 "num-traits",
]

[[package]]
name = "num-traits"
version = "0.2.18"
source = "registry+https://github.com/rust-lang/crates.io-index"
checksum = "da0df0e5185db44f69b44f26786fe401b6c293d1907744beaa7fa62b2e5a517a"
dependencies = [
 "autocfg",
]

[[package]]
name = "numtoa"
version = "0.1.0"
source = "registry+https://github.com/rust-lang/crates.io-index"
checksum = "b8f8bdf33df195859076e54ab11ee78a1b208382d3a26ec40d142ffc1ecc49ef"

[[package]]
name = "operation"
version = "0.1.0"

[[package]]
name = "packet-decoder"
version = "0.1.0"

[[package]]
name = "passage-pathing"
version = "0.1.0"

[[package]]
name = "passport"
version = "0.1.0"

[[package]]
name = "passwords"
version = "0.1.0"

[[package]]
name = "plutonian_pebbles"
version = "0.1.0"

[[package]]
name = "print_queue"
version = "0.1.0"

[[package]]
name = "questionnaire"
version = "0.1.0"

[[package]]
name = "rain"
version = "0.1.0"

[[package]]
name = "ram_run"
version = "0.1.0"

[[package]]
name = "redox_syscall"
version = "0.2.16"
source = "registry+https://github.com/rust-lang/crates.io-index"
checksum = "fb5a58c1855b4b6819d59012155603f0b22ad30cad752600aadfcb695265519a"
dependencies = [
 "bitflags",
]

[[package]]
name = "redox_termios"
version = "0.1.3"
source = "registry+https://github.com/rust-lang/crates.io-index"
checksum = "20145670ba436b55d91fc92d25e71160fbfbdd57831631c8d7d36377a476f1cb"

[[package]]
name = "reindeer_maze"
version = "0.1.0"

[[package]]
name = "resonant_collinearity"
version = "0.1.0"

[[package]]
name = "restroom_redoubt"
version = "0.1.0"

[[package]]
name = "safety_reports"
version = "0.1.0"

[[package]]
name = "seating"
version = "0.1.0"

[[package]]
name = "seven-segment"
version = "0.1.0"

[[package]]
name = "shuttles"
version = "0.1.0"

[[package]]
name = "smoke_basin"
version = "0.1.0"

[[package]]
name = "snailfish"
version = "0.1.0"

[[package]]
name = "syntax"
version = "0.1.0"

[[package]]
name = "termion"
version = "1.5.6"
source = "registry+https://github.com/rust-lang/crates.io-index"
checksum = "077185e2eac69c3f8379a4298e1e07cd36beb962290d4a51199acf0fdc10607e"
dependencies = [
 "libc",
 "numtoa",
 "redox_syscall",
 "redox_termios",
]

[[package]]
name = "ticket"
version = "0.1.0"

[[package]]
name = "transparent-origami"
version = "0.1.0"

[[package]]
name = "trees"
version = "0.1.0"

[[package]]
name = "trench_map"
version = "0.1.0"

[[package]]
name = "trick-shot"
version = "0.1.0"

[[package]]
name = "warehouse_woes"
version = "0.1.0"
